
Microsoft Visual Studio Solution File, Format Version 12.00
# Visual Studio Version 16
VisualStudioVersion = 16.0.33027.164
MinimumVisualStudioVersion = 10.0.40219.1
Project("{FAE04EC0-301F-11D3-BF4B-00C04F79EFBC}") = "QlySP", "QlySP\QlySP.csproj", "{AE7AC4B3-3FCA-45C0-93F3-FD80E1FB4864}"
EndProject
Global
	GlobalSection(SolutionConfigurationPlatforms) = preSolution
		Debug|Any CPU = Debug|Any CPU
		Release|Any CPU = Release|Any CPU
	EndGlobalSection
	GlobalSection(ProjectConfigurationPlatforms) = postSolution
		{AE7AC4B3-3FCA-45C0-93F3-FD80E1FB4864}.Debug|Any CPU.ActiveCfg = Debug|Any CPU
		{AE7AC4B3-3FCA-45C0-93F3-FD80E1FB4864}.Debug|Any CPU.Build.0 = Debug|Any CPU
		{AE7AC4B3-3FCA-45C0-93F3-FD80E1FB4864}.Release|Any CPU.ActiveCfg = Release|Any CPU
		{AE7AC4B3-3FCA-45C0-93F3-FD80E1FB4864}.Release|Any CPU.Build.0 = Release|Any CPU
	EndGlobalSection
	GlobalSection(SolutionProperties) = preSolution
		HideSolutionNode = FALSE
	EndGlobalSection
	GlobalSection(ExtensibilityGlobals) = postSolution
		SolutionGuid = {FA116714-E093-4C96-85A6-6E5AA8456DCA}
	EndGlobalSection
EndGlobal
