
Microsoft Visual Studio Solution File, Format Version 12.00
# Visual Studio Version 16
VisualStudioVersion = 16.0.33130.400
MinimumVisualStudioVersion = 10.0.40219.1
Project("{FAE04EC0-301F-11D3-BF4B-00C04F79EFBC}") = "bai test2", "bai test2\bai test2.csproj", "{05453A8F-95D7-4FC3-84EF-D25E2385E3C7}"
EndProject
Global
	GlobalSection(SolutionConfigurationPlatforms) = preSolution
		Debug|Any CPU = Debug|Any CPU
		Release|Any CPU = Release|Any CPU
	EndGlobalSection
	GlobalSection(ProjectConfigurationPlatforms) = postSolution
		{05453A8F-95D7-4FC3-84EF-D25E2385E3C7}.Debug|Any CPU.ActiveCfg = Debug|Any CPU
		{05453A8F-95D7-4FC3-84EF-D25E2385E3C7}.Debug|Any CPU.Build.0 = Debug|Any CPU
		{05453A8F-95D7-4FC3-84EF-D25E2385E3C7}.Release|Any CPU.ActiveCfg = Release|Any CPU
		{05453A8F-95D7-4FC3-84EF-D25E2385E3C7}.Release|Any CPU.Build.0 = Release|Any CPU
	EndGlobalSection
	GlobalSection(SolutionProperties) = preSolution
		HideSolutionNode = FALSE
	EndGlobalSection
	GlobalSection(ExtensibilityGlobals) = postSolution
		SolutionGuid = {65CCF654-762B-433C-8E4B-9A005F5A5452}
	EndGlobalSection
EndGlobal
