
Microsoft Visual Studio Solution File, Format Version 12.00
# Visual Studio Version 16
VisualStudioVersion = 16.0.31402.337
MinimumVisualStudioVersion = 10.0.40219.1
Project("{FAE04EC0-301F-11D3-BF4B-00C04F79EFBC}") = "WpfApp1", "WpfApp1\WpfApp1.csproj", "{932C5ED0-D50E-4C03-A771-56ADF7B08091}"
EndProject
Project("{FAE04EC0-301F-11D3-BF4B-00C04F79EFBC}") = "WpfApp2", "WpfApp2\WpfApp2.csproj", "{76D2C395-B935-41CC-B93E-11D5992071A9}"
EndProject
Global
	GlobalSection(SolutionConfigurationPlatforms) = preSolution
		Debug|Any CPU = Debug|Any CPU
		Release|Any CPU = Release|Any CPU
	EndGlobalSection
	GlobalSection(ProjectConfigurationPlatforms) = postSolution
		{932C5ED0-D50E-4C03-A771-56ADF7B08091}.Debug|Any CPU.ActiveCfg = Debug|Any CPU
		{932C5ED0-D50E-4C03-A771-56ADF7B08091}.Debug|Any CPU.Build.0 = Debug|Any CPU
		{932C5ED0-D50E-4C03-A771-56ADF7B08091}.Release|Any CPU.ActiveCfg = Release|Any CPU
		{932C5ED0-D50E-4C03-A771-56ADF7B08091}.Release|Any CPU.Build.0 = Release|Any CPU
		{76D2C395-B935-41CC-B93E-11D5992071A9}.Debug|Any CPU.ActiveCfg = Debug|Any CPU
		{76D2C395-B935-41CC-B93E-11D5992071A9}.Debug|Any CPU.Build.0 = Debug|Any CPU
		{76D2C395-B935-41CC-B93E-11D5992071A9}.Release|Any CPU.ActiveCfg = Release|Any CPU
		{76D2C395-B935-41CC-B93E-11D5992071A9}.Release|Any CPU.Build.0 = Release|Any CPU
	EndGlobalSection
	GlobalSection(SolutionProperties) = preSolution
		HideSolutionNode = FALSE
	EndGlobalSection
	GlobalSection(ExtensibilityGlobals) = postSolution
		SolutionGuid = {1584816C-60BE-426C-A915-1AA7F864DA1C}
	EndGlobalSection
EndGlobal
